// !$*UTF8*$!
{
	archiveVersion = 1;
	classes = {
	};
	objectVersion = 46;
	objects = {

/* Begin PBXBuildFile section */
		003D4B631F3136620029B441 /* AppDelegate.swift in Sources */ = {isa = PBXBuildFile; fileRef = 003D4B621F3136620029B441 /* AppDelegate.swift */; };
		003D4B651F3136620029B441 /* ViewController.swift in Sources */ = {isa = PBXBuildFile; fileRef = 003D4B641F3136620029B441 /* ViewController.swift */; };
		003D4B6A1F3136620029B441 /* Assets.xcassets in Resources */ = {isa = PBXBuildFile; fileRef = 003D4B691F3136620029B441 /* Assets.xcassets */; };
		003D4B6D1F3136620029B441 /* LaunchScreen.storyboard in Resources */ = {isa = PBXBuildFile; fileRef = 003D4B6B1F3136620029B441 /* LaunchScreen.storyboard */; };
		003D4B781F3136620029B441 /* UserListTests.swift in Sources */ = {isa = PBXBuildFile; fileRef = 003D4B771F3136620029B441 /* UserListTests.swift */; };
		003D4B831F3136620029B441 /* UserListUITests.swift in Sources */ = {isa = PBXBuildFile; fileRef = 003D4B821F3136620029B441 /* UserListUITests.swift */; };
		003D4BA91F3136AE0029B441 /* Alamofire.framework in Frameworks */ = {isa = PBXBuildFile; fileRef = 003D4B9C1F3136960029B441 /* Alamofire.framework */; };
		003D4BAA1F3136AE0029B441 /* Alamofire.framework in Embed Frameworks */ = {isa = PBXBuildFile; fileRef = 003D4B9C1F3136960029B441 /* Alamofire.framework */; settings = {ATTRIBUTES = (CodeSignOnCopy, RemoveHeadersOnCopy, ); }; };
		003D4BB71F31449E0029B441 /* APIWrapper.swift in Sources */ = {isa = PBXBuildFile; fileRef = 003D4BB61F31449E0029B441 /* APIWrapper.swift */; };
		003D4BBF1F3146910029B441 /* UsersViewController.swift in Sources */ = {isa = PBXBuildFile; fileRef = 003D4BBE1F3146910029B441 /* UsersViewController.swift */; };
		003D4BC11F31469F0029B441 /* Main.storyboard in Resources */ = {isa = PBXBuildFile; fileRef = 003D4BC01F31469F0029B441 /* Main.storyboard */; };
		003D4BCB1F31FC600029B441 /* UserViewModel.swift in Sources */ = {isa = PBXBuildFile; fileRef = 003D4BCA1F31FC600029B441 /* UserViewModel.swift */; };
/* End PBXBuildFile section */

/* Begin PBXContainerItemProxy section */
		003D4B741F3136620029B441 /* PBXContainerItemProxy */ = {
			isa = PBXContainerItemProxy;
			containerPortal = 003D4B571F3136620029B441 /* Project object */;
			proxyType = 1;
			remoteGlobalIDString = 003D4B5E1F3136620029B441;
			remoteInfo = UserList;
		};
		003D4B7F1F3136620029B441 /* PBXContainerItemProxy */ = {
			isa = PBXContainerItemProxy;
			containerPortal = 003D4B571F3136620029B441 /* Project object */;
			proxyType = 1;
			remoteGlobalIDString = 003D4B5E1F3136620029B441;
			remoteInfo = UserList;
		};
		003D4B9B1F3136960029B441 /* PBXContainerItemProxy */ = {
			isa = PBXContainerItemProxy;
			containerPortal = 003D4B901F3136960029B441 /* Alamofire.xcodeproj */;
			proxyType = 2;
			remoteGlobalIDString = F8111E3319A95C8B0040E7D1;
			remoteInfo = "Alamofire iOS";
		};
		003D4B9D1F3136960029B441 /* PBXContainerItemProxy */ = {
			isa = PBXContainerItemProxy;
			containerPortal = 003D4B901F3136960029B441 /* Alamofire.xcodeproj */;
			proxyType = 2;
			remoteGlobalIDString = F8111E3E19A95C8B0040E7D1;
			remoteInfo = "Alamofire iOS Tests";
		};
		003D4B9F1F3136960029B441 /* PBXContainerItemProxy */ = {
			isa = PBXContainerItemProxy;
			containerPortal = 003D4B901F3136960029B441 /* Alamofire.xcodeproj */;
			proxyType = 2;
			remoteGlobalIDString = 4DD67C0B1A5C55C900ED2280;
			remoteInfo = "Alamofire macOS";
		};
		003D4BA11F3136960029B441 /* PBXContainerItemProxy */ = {
			isa = PBXContainerItemProxy;
			containerPortal = 003D4B901F3136960029B441 /* Alamofire.xcodeproj */;
			proxyType = 2;
			remoteGlobalIDString = F829C6B21A7A94F100A2CD59;
			remoteInfo = "Alamofire macOS Tests";
		};
		003D4BA31F3136960029B441 /* PBXContainerItemProxy */ = {
			isa = PBXContainerItemProxy;
			containerPortal = 003D4B901F3136960029B441 /* Alamofire.xcodeproj */;
			proxyType = 2;
			remoteGlobalIDString = 4CF626EF1BA7CB3E0011A099;
			remoteInfo = "Alamofire tvOS";
		};
		003D4BA51F3136960029B441 /* PBXContainerItemProxy */ = {
			isa = PBXContainerItemProxy;
			containerPortal = 003D4B901F3136960029B441 /* Alamofire.xcodeproj */;
			proxyType = 2;
			remoteGlobalIDString = 4CF626F81BA7CB3E0011A099;
			remoteInfo = "Alamofire tvOS Tests";
		};
		003D4BA71F3136960029B441 /* PBXContainerItemProxy */ = {
			isa = PBXContainerItemProxy;
			containerPortal = 003D4B901F3136960029B441 /* Alamofire.xcodeproj */;
			proxyType = 2;
			remoteGlobalIDString = E4202FE01B667AA100C997FB;
			remoteInfo = "Alamofire watchOS";
		};
		003D4BAB1F3136AE0029B441 /* PBXContainerItemProxy */ = {
			isa = PBXContainerItemProxy;
			containerPortal = 003D4B901F3136960029B441 /* Alamofire.xcodeproj */;
			proxyType = 1;
			remoteGlobalIDString = F8111E3219A95C8B0040E7D1;
			remoteInfo = "Alamofire iOS";
		};
/* End PBXContainerItemProxy section */

/* Begin PBXCopyFilesBuildPhase section */
		003D4BAD1F3136AE0029B441 /* Embed Frameworks */ = {
			isa = PBXCopyFilesBuildPhase;
			buildActionMask = 2147483647;
			dstPath = "";
			dstSubfolderSpec = 10;
			files = (
				003D4BAA1F3136AE0029B441 /* Alamofire.framework in Embed Frameworks */,
			);
			name = "Embed Frameworks";
			runOnlyForDeploymentPostprocessing = 0;
		};
/* End PBXCopyFilesBuildPhase section */

/* Begin PBXFileReference section */
		003D4B5F1F3136620029B441 /* UserList.app */ = {isa = PBXFileReference; explicitFileType = wrapper.application; includeInIndex = 0; path = UserList.app; sourceTree = BUILT_PRODUCTS_DIR; };
		003D4B621F3136620029B441 /* AppDelegate.swift */ = {isa = PBXFileReference; lastKnownFileType = sourcecode.swift; path = AppDelegate.swift; sourceTree = "<group>"; };
		003D4B641F3136620029B441 /* ViewController.swift */ = {isa = PBXFileReference; lastKnownFileType = sourcecode.swift; path = ViewController.swift; sourceTree = "<group>"; };
		003D4B691F3136620029B441 /* Assets.xcassets */ = {isa = PBXFileReference; lastKnownFileType = folder.assetcatalog; path = Assets.xcassets; sourceTree = "<group>"; };
		003D4B6C1F3136620029B441 /* Base */ = {isa = PBXFileReference; lastKnownFileType = file.storyboard; name = Base; path = Base.lproj/LaunchScreen.storyboard; sourceTree = "<group>"; };
		003D4B6E1F3136620029B441 /* Info.plist */ = {isa = PBXFileReference; lastKnownFileType = text.plist.xml; path = Info.plist; sourceTree = "<group>"; };
		003D4B731F3136620029B441 /* UserListTests.xctest */ = {isa = PBXFileReference; explicitFileType = wrapper.cfbundle; includeInIndex = 0; path = UserListTests.xctest; sourceTree = BUILT_PRODUCTS_DIR; };
		003D4B771F3136620029B441 /* UserListTests.swift */ = {isa = PBXFileReference; lastKnownFileType = sourcecode.swift; path = UserListTests.swift; sourceTree = "<group>"; };
		003D4B791F3136620029B441 /* Info.plist */ = {isa = PBXFileReference; lastKnownFileType = text.plist.xml; path = Info.plist; sourceTree = "<group>"; };
		003D4B7E1F3136620029B441 /* UserListUITests.xctest */ = {isa = PBXFileReference; explicitFileType = wrapper.cfbundle; includeInIndex = 0; path = UserListUITests.xctest; sourceTree = BUILT_PRODUCTS_DIR; };
		003D4B821F3136620029B441 /* UserListUITests.swift */ = {isa = PBXFileReference; lastKnownFileType = sourcecode.swift; path = UserListUITests.swift; sourceTree = "<group>"; };
		003D4B841F3136620029B441 /* Info.plist */ = {isa = PBXFileReference; lastKnownFileType = text.plist.xml; path = Info.plist; sourceTree = "<group>"; };
		003D4B901F3136960029B441 /* Alamofire.xcodeproj */ = {isa = PBXFileReference; lastKnownFileType = "wrapper.pb-project"; name = Alamofire.xcodeproj; path = Alamofire/Alamofire.xcodeproj; sourceTree = "<group>"; };
		003D4BB61F31449E0029B441 /* APIWrapper.swift */ = {isa = PBXFileReference; fileEncoding = 4; lastKnownFileType = sourcecode.swift; path = APIWrapper.swift; sourceTree = "<group>"; };
		003D4BBE1F3146910029B441 /* UsersViewController.swift */ = {isa = PBXFileReference; fileEncoding = 4; lastKnownFileType = sourcecode.swift; path = UsersViewController.swift; sourceTree = "<group>"; };
		003D4BC01F31469F0029B441 /* Main.storyboard */ = {isa = PBXFileReference; fileEncoding = 4; lastKnownFileType = file.storyboard; path = Main.storyboard; sourceTree = "<group>"; };
		003D4BCA1F31FC600029B441 /* UserViewModel.swift */ = {isa = PBXFileReference; fileEncoding = 4; lastKnownFileType = sourcecode.swift; path = UserViewModel.swift; sourceTree = "<group>"; };
/* End PBXFileReference section */

/* Begin PBXFrameworksBuildPhase section */
		003D4B5C1F3136620029B441 /* Frameworks */ = {
			isa = PBXFrameworksBuildPhase;
			buildActionMask = 2147483647;
			files = (
				003D4BA91F3136AE0029B441 /* Alamofire.framework in Frameworks */,
			);
			runOnlyForDeploymentPostprocessing = 0;
		};
		003D4B701F3136620029B441 /* Frameworks */ = {
			isa = PBXFrameworksBuildPhase;
			buildActionMask = 2147483647;
			files = (
			);
			runOnlyForDeploymentPostprocessing = 0;
		};
		003D4B7B1F3136620029B441 /* Frameworks */ = {
			isa = PBXFrameworksBuildPhase;
			buildActionMask = 2147483647;
			files = (
			);
			runOnlyForDeploymentPostprocessing = 0;
		};
/* End PBXFrameworksBuildPhase section */

/* Begin PBXGroup section */
		003D4B561F3136620029B441 = {
			isa = PBXGroup;
			children = (
				003D4B901F3136960029B441 /* Alamofire.xcodeproj */,
				003D4B611F3136620029B441 /* UserList */,
				003D4B761F3136620029B441 /* UserListTests */,
				003D4B811F3136620029B441 /* UserListUITests */,
				003D4B601F3136620029B441 /* Products */,
			);
			sourceTree = "<group>";
		};
		003D4B601F3136620029B441 /* Products */ = {
			isa = PBXGroup;
			children = (
				003D4B5F1F3136620029B441 /* UserList.app */,
				003D4B731F3136620029B441 /* UserListTests.xctest */,
				003D4B7E1F3136620029B441 /* UserListUITests.xctest */,
			);
			name = Products;
			sourceTree = "<group>";
		};
		003D4B611F3136620029B441 /* UserList */ = {
			isa = PBXGroup;
			children = (
				003D4BCA1F31FC600029B441 /* UserViewModel.swift */,
				003D4BB61F31449E0029B441 /* APIWrapper.swift */,
				003D4B621F3136620029B441 /* AppDelegate.swift */,
				003D4B641F3136620029B441 /* ViewController.swift */,
				003D4BBE1F3146910029B441 /* UsersViewController.swift */,
				003D4BC01F31469F0029B441 /* Main.storyboard */,
				003D4B691F3136620029B441 /* Assets.xcassets */,
				003D4B6B1F3136620029B441 /* LaunchScreen.storyboard */,
				003D4B6E1F3136620029B441 /* Info.plist */,
			);
			path = UserList;
			sourceTree = "<group>";
		};
		003D4B761F3136620029B441 /* UserListTests */ = {
			isa = PBXGroup;
			children = (
				003D4B771F3136620029B441 /* UserListTests.swift */,
				003D4B791F3136620029B441 /* Info.plist */,
			);
			path = UserListTests;
			sourceTree = "<group>";
		};
		003D4B811F3136620029B441 /* UserListUITests */ = {
			isa = PBXGroup;
			children = (
				003D4B821F3136620029B441 /* UserListUITests.swift */,
				003D4B841F3136620029B441 /* Info.plist */,
			);
			path = UserListUITests;
			sourceTree = "<group>";
		};
		003D4B911F3136960029B441 /* Products */ = {
			isa = PBXGroup;
			children = (
				003D4B9C1F3136960029B441 /* Alamofire.framework */,
				003D4B9E1F3136960029B441 /* Alamofire iOS Tests.xctest */,
				003D4BA01F3136960029B441 /* Alamofire.framework */,
				003D4BA21F3136960029B441 /* Alamofire macOS Tests.xctest */,
				003D4BA41F3136960029B441 /* Alamofire.framework */,
				003D4BA61F3136960029B441 /* Alamofire tvOS Tests.xctest */,
				003D4BA81F3136960029B441 /* Alamofire.framework */,
			);
			name = Products;
			sourceTree = "<group>";
		};
/* End PBXGroup section */

/* Begin PBXNativeTarget section */
		003D4B5E1F3136620029B441 /* UserList */ = {
			isa = PBXNativeTarget;
			buildConfigurationList = 003D4B871F3136620029B441 /* Build configuration list for PBXNativeTarget "UserList" */;
			buildPhases = (
				003D4B5B1F3136620029B441 /* Sources */,
				003D4B5C1F3136620029B441 /* Frameworks */,
				003D4B5D1F3136620029B441 /* Resources */,
				003D4BAD1F3136AE0029B441 /* Embed Frameworks */,
			);
			buildRules = (
			);
			dependencies = (
				003D4BAC1F3136AE0029B441 /* PBXTargetDependency */,
			);
			name = UserList;
			productName = UserList;
			productReference = 003D4B5F1F3136620029B441 /* UserList.app */;
			productType = "com.apple.product-type.application";
		};
		003D4B721F3136620029B441 /* UserListTests */ = {
			isa = PBXNativeTarget;
			buildConfigurationList = 003D4B8A1F3136620029B441 /* Build configuration list for PBXNativeTarget "UserListTests" */;
			buildPhases = (
				003D4B6F1F3136620029B441 /* Sources */,
				003D4B701F3136620029B441 /* Frameworks */,
				003D4B711F3136620029B441 /* Resources */,
			);
			buildRules = (
			);
			dependencies = (
				003D4B751F3136620029B441 /* PBXTargetDependency */,
			);
			name = UserListTests;
			productName = UserListTests;
			productReference = 003D4B731F3136620029B441 /* UserListTests.xctest */;
			productType = "com.apple.product-type.bundle.unit-test";
		};
		003D4B7D1F3136620029B441 /* UserListUITests */ = {
			isa = PBXNativeTarget;
			buildConfigurationList = 003D4B8D1F3136620029B441 /* Build configuration list for PBXNativeTarget "UserListUITests" */;
			buildPhases = (
				003D4B7A1F3136620029B441 /* Sources */,
				003D4B7B1F3136620029B441 /* Frameworks */,
				003D4B7C1F3136620029B441 /* Resources */,
			);
			buildRules = (
			);
			dependencies = (
				003D4B801F3136620029B441 /* PBXTargetDependency */,
			);
			name = UserListUITests;
			productName = UserListUITests;
			productReference = 003D4B7E1F3136620029B441 /* UserListUITests.xctest */;
			productType = "com.apple.product-type.bundle.ui-testing";
		};
/* End PBXNativeTarget section */

/* Begin PBXProject section */
		003D4B571F3136620029B441 /* Project object */ = {
			isa = PBXProject;
			attributes = {
				LastSwiftUpdateCheck = 0830;
				LastUpgradeCheck = 0830;
				ORGANIZATIONNAME = Sateesh;
				TargetAttributes = {
					003D4B5E1F3136620029B441 = {
						CreatedOnToolsVersion = 8.3.3;
						ProvisioningStyle = Automatic;
					};
					003D4B721F3136620029B441 = {
						CreatedOnToolsVersion = 8.3.3;
						ProvisioningStyle = Automatic;
						TestTargetID = 003D4B5E1F3136620029B441;
					};
					003D4B7D1F3136620029B441 = {
						CreatedOnToolsVersion = 8.3.3;
						ProvisioningStyle = Automatic;
						TestTargetID = 003D4B5E1F3136620029B441;
					};
				};
			};
			buildConfigurationList = 003D4B5A1F3136620029B441 /* Build configuration list for PBXProject "UserList" */;
			compatibilityVersion = "Xcode 3.2";
			developmentRegion = English;
			hasScannedForEncodings = 0;
			knownRegions = (
				en,
				Base,
			);
			mainGroup = 003D4B561F3136620029B441;
			productRefGroup = 003D4B601F3136620029B441 /* Products */;
			projectDirPath = "";
			projectReferences = (
				{
					ProductGroup = 003D4B911F3136960029B441 /* Products */;
					ProjectRef = 003D4B901F3136960029B441 /* Alamofire.xcodeproj */;
				},
			);
			projectRoot = "";
			targets = (
				003D4B5E1F3136620029B441 /* UserList */,
				003D4B721F3136620029B441 /* UserListTests */,
				003D4B7D1F3136620029B441 /* UserListUITests */,
			);
		};
/* End PBXProject section */

/* Begin PBXReferenceProxy section */
		003D4B9C1F3136960029B441 /* Alamofire.framework */ = {
			isa = PBXReferenceProxy;
			fileType = wrapper.framework;
			path = Alamofire.framework;
			remoteRef = 003D4B9B1F3136960029B441 /* PBXContainerItemProxy */;
			sourceTree = BUILT_PRODUCTS_DIR;
		};
		003D4B9E1F3136960029B441 /* Alamofire iOS Tests.xctest */ = {
			isa = PBXReferenceProxy;
			fileType = wrapper.cfbundle;
			path = "Alamofire iOS Tests.xctest";
			remoteRef = 003D4B9D1F3136960029B441 /* PBXContainerItemProxy */;
			sourceTree = BUILT_PRODUCTS_DIR;
		};
		003D4BA01F3136960029B441 /* Alamofire.framework */ = {
			isa = PBXReferenceProxy;
			fileType = wrapper.framework;
			path = Alamofire.framework;
			remoteRef = 003D4B9F1F3136960029B441 /* PBXContainerItemProxy */;
			sourceTree = BUILT_PRODUCTS_DIR;
		};
		003D4BA21F3136960029B441 /* Alamofire macOS Tests.xctest */ = {
			isa = PBXReferenceProxy;
			fileType = wrapper.cfbundle;
			path = "Alamofire macOS Tests.xctest";
			remoteRef = 003D4BA11F3136960029B441 /* PBXContainerItemProxy */;
			sourceTree = BUILT_PRODUCTS_DIR;
		};
		003D4BA41F3136960029B441 /* Alamofire.framework */ = {
			isa = PBXReferenceProxy;
			fileType = wrapper.framework;
			path = Alamofire.framework;
			remoteRef = 003D4BA31F3136960029B441 /* PBXContainerItemProxy */;
			sourceTree = BUILT_PRODUCTS_DIR;
		};
		003D4BA61F3136960029B441 /* Alamofire tvOS Tests.xctest */ = {
			isa = PBXReferenceProxy;
			fileType = wrapper.cfbundle;
			path = "Alamofire tvOS Tests.xctest";
			remoteRef = 003D4BA51F3136960029B441 /* PBXContainerItemProxy */;
			sourceTree = BUILT_PRODUCTS_DIR;
		};
		003D4BA81F3136960029B441 /* Alamofire.framework */ = {
			isa = PBXReferenceProxy;
			fileType = wrapper.framework;
			path = Alamofire.framework;
			remoteRef = 003D4BA71F3136960029B441 /* PBXContainerItemProxy */;
			sourceTree = BUILT_PRODUCTS_DIR;
		};
/* End PBXReferenceProxy section */

/* Begin PBXResourcesBuildPhase section */
		003D4B5D1F3136620029B441 /* Resources */ = {
			isa = PBXResourcesBuildPhase;
			buildActionMask = 2147483647;
			files = (
				003D4BC11F31469F0029B441 /* Main.storyboard in Resources */,
				003D4B6D1F3136620029B441 /* LaunchScreen.storyboard in Resources */,
				003D4B6A1F3136620029B441 /* Assets.xcassets in Resources */,
			);
			runOnlyForDeploymentPostprocessing = 0;
		};
		003D4B711F3136620029B441 /* Resources */ = {
			isa = PBXResourcesBuildPhase;
			buildActionMask = 2147483647;
			files = (
			);
			runOnlyForDeploymentPostprocessing = 0;
		};
		003D4B7C1F3136620029B441 /* Resources */ = {
			isa = PBXResourcesBuildPhase;
			buildActionMask = 2147483647;
			files = (
			);
			runOnlyForDeploymentPostprocessing = 0;
		};
/* End PBXResourcesBuildPhase section */

/* Begin PBXSourcesBuildPhase section */
		003D4B5B1F3136620029B441 /* Sources */ = {
			isa = PBXSourcesBuildPhase;
			buildActionMask = 2147483647;
			files = (
				003D4B651F3136620029B441 /* ViewController.swift in Sources */,
				003D4BB71F31449E0029B441 /* APIWrapper.swift in Sources */,
				003D4BBF1F3146910029B441 /* UsersViewController.swift in Sources */,
				003D4B631F3136620029B441 /* AppDelegate.swift in Sources */,
				003D4BCB1F31FC600029B441 /* UserViewModel.swift in Sources */,
			);
			runOnlyForDeploymentPostprocessing = 0;
		};
		003D4B6F1F3136620029B441 /* Sources */ = {
			isa = PBXSourcesBuildPhase;
			buildActionMask = 2147483647;
			files = (
				003D4B781F3136620029B441 /* UserListTests.swift in Sources */,
			);
			runOnlyForDeploymentPostprocessing = 0;
		};
		003D4B7A1F3136620029B441 /* Sources */ = {
			isa = PBXSourcesBuildPhase;
			buildActionMask = 2147483647;
			files = (
				003D4B831F3136620029B441 /* UserListUITests.swift in Sources */,
			);
			runOnlyForDeploymentPostprocessing = 0;
		};
/* End PBXSourcesBuildPhase section */

/* Begin PBXTargetDependency section */
		003D4B751F3136620029B441 /* PBXTargetDependency */ = {
			isa = PBXTargetDependency;
			target = 003D4B5E1F3136620029B441 /* UserList */;
			targetProxy = 003D4B741F3136620029B441 /* PBXContainerItemProxy */;
		};
		003D4B801F3136620029B441 /* PBXTargetDependency */ = {
			isa = PBXTargetDependency;
			target = 003D4B5E1F3136620029B441 /* UserList */;
			targetProxy = 003D4B7F1F3136620029B441 /* PBXContainerItemProxy */;
		};
		003D4BAC1F3136AE0029B441 /* PBXTargetDependency */ = {
			isa = PBXTargetDependency;
			name = "Alamofire iOS";
			targetProxy = 003D4BAB1F3136AE0029B441 /* PBXContainerItemProxy */;
		};
/* End PBXTargetDependency section */

/* Begin PBXVariantGroup section */
		003D4B6B1F3136620029B441 /* LaunchScreen.storyboard */ = {
			isa = PBXVariantGroup;
			children = (
				003D4B6C1F3136620029B441 /* Base */,
			);
			name = LaunchScreen.storyboard;
			sourceTree = "<group>";
		};
/* End PBXVariantGroup section */

/* Begin XCBuildConfiguration section */
		003D4B851F3136620029B441 /* Debug */ = {
			isa = XCBuildConfiguration;
			buildSettings = {
				ALWAYS_SEARCH_USER_PATHS = NO;
				CLANG_ANALYZER_NONNULL = YES;
				CLANG_ANALYZER_NUMBER_OBJECT_CONVERSION = YES_AGGRESSIVE;
				CLANG_CXX_LANGUAGE_STANDARD = "gnu++0x";
				CLANG_CXX_LIBRARY = "libc++";
				CLANG_ENABLE_MODULES = YES;
				CLANG_ENABLE_OBJC_ARC = YES;
				CLANG_WARN_BOOL_CONVERSION = YES;
				CLANG_WARN_CONSTANT_CONVERSION = YES;
				CLANG_WARN_DIRECT_OBJC_ISA_USAGE = YES_ERROR;
				CLANG_WARN_DOCUMENTATION_COMMENTS = YES;
				CLANG_WARN_EMPTY_BODY = YES;
				CLANG_WARN_ENUM_CONVERSION = YES;
				CLANG_WARN_INFINITE_RECURSION = YES;
				CLANG_WARN_INT_CONVERSION = YES;
				CLANG_WARN_OBJC_ROOT_CLASS = YES_ERROR;
				CLANG_WARN_SUSPICIOUS_MOVE = YES;
				CLANG_WARN_UNREACHABLE_CODE = YES;
				CLANG_WARN__DUPLICATE_METHOD_MATCH = YES;
				"CODE_SIGN_IDENTITY[sdk=iphoneos*]" = "iPhone Developer";
				COPY_PHASE_STRIP = NO;
				DEBUG_INFORMATION_FORMAT = dwarf;
				ENABLE_STRICT_OBJC_MSGSEND = YES;
				ENABLE_TESTABILITY = YES;
				GCC_C_LANGUAGE_STANDARD = gnu99;
				GCC_DYNAMIC_NO_PIC = NO;
				GCC_NO_COMMON_BLOCKS = YES;
				GCC_OPTIMIZATION_LEVEL = 0;
				GCC_PREPROCESSOR_DEFINITIONS = (
					"DEBUG=1",
					"$(inherited)",
				);
				GCC_WARN_64_TO_32_BIT_CONVERSION = YES;
				GCC_WARN_ABOUT_RETURN_TYPE = YES_ERROR;
				GCC_WARN_UNDECLARED_SELECTOR = YES;
				GCC_WARN_UNINITIALIZED_AUTOS = YES_AGGRESSIVE;
				GCC_WARN_UNUSED_FUNCTION = YES;
				GCC_WARN_UNUSED_VARIABLE = YES;
				IPHONEOS_DEPLOYMENT_TARGET = 10.3;
				MTL_ENABLE_DEBUG_INFO = YES;
				ONLY_ACTIVE_ARCH = YES;
				SDKROOT = iphoneos;
				SWIFT_ACTIVE_COMPILATION_CONDITIONS = DEBUG;
				SWIFT_OPTIMIZATION_LEVEL = "-Onone";
			};
			name = Debug;
		};
		003D4B861F3136620029B441 /* Release */ = {
			isa = XCBuildConfiguration;
			buildSettings = {
				ALWAYS_SEARCH_USER_PATHS = NO;
				CLANG_ANALYZER_NONNULL = YES;
				CLANG_ANALYZER_NUMBER_OBJECT_CONVERSION = YES_AGGRESSIVE;
				CLANG_CXX_LANGUAGE_STANDARD = "gnu++0x";
				CLANG_CXX_LIBRARY = "libc++";
				CLANG_ENABLE_MODULES = YES;
				CLANG_ENABLE_OBJC_ARC = YES;
				CLANG_WARN_BOOL_CONVERSION = YES;
				CLANG_WARN_CONSTANT_CONVERSION = YES;
				CLANG_WARN_DIRECT_OBJC_ISA_USAGE = YES_ERROR;
				CLANG_WARN_DOCUMENTATION_COMMENTS = YES;
				CLANG_WARN_EMPTY_BODY = YES;
				CLANG_WARN_ENUM_CONVERSION = YES;
				CLANG_WARN_INFINITE_RECURSION = YES;
				CLANG_WARN_INT_CONVERSION = YES;
				CLANG_WARN_OBJC_ROOT_CLASS = YES_ERROR;
				CLANG_WARN_SUSPICIOUS_MOVE = YES;
				CLANG_WARN_UNREACHABLE_CODE = YES;
				CLANG_WARN__DUPLICATE_METHOD_MATCH = YES;
				"CODE_SIGN_IDENTITY[sdk=iphoneos*]" = "iPhone Developer";
				COPY_PHASE_STRIP = NO;
				DEBUG_INFORMATION_FORMAT = "dwarf-with-dsym";
				ENABLE_NS_ASSERTIONS = NO;
				ENABLE_STRICT_OBJC_MSGSEND = YES;
				GCC_C_LANGUAGE_STANDARD = gnu99;
				GCC_NO_COMMON_BLOCKS = YES;
				GCC_WARN_64_TO_32_BIT_CONVERSION = YES;
				GCC_WARN_ABOUT_RETURN_TYPE = YES_ERROR;
				GCC_WARN_UNDECLARED_SELECTOR = YES;
				GCC_WARN_UNINITIALIZED_AUTOS = YES_AGGRESSIVE;
				GCC_WARN_UNUSED_FUNCTION = YES;
				GCC_WARN_UNUSED_VARIABLE = YES;
				IPHONEOS_DEPLOYMENT_TARGET = 10.3;
				MTL_ENABLE_DEBUG_INFO = NO;
				SDKROOT = iphoneos;
				SWIFT_OPTIMIZATION_LEVEL = "-Owholemodule";
				VALIDATE_PRODUCT = YES;
			};
			name = Release;
		};
		003D4B881F3136620029B441 /* Debug */ = {
			isa = XCBuildConfiguration;
			buildSettings = {
				ALWAYS_EMBED_SWIFT_STANDARD_LIBRARIES = YES;
				ASSETCATALOG_COMPILER_APPICON_NAME = AppIcon;
				INFOPLIST_FILE = UserList/Info.plist;
				LD_RUNPATH_SEARCH_PATHS = "$(inherited) @executable_path/Frameworks";
				PRODUCT_BUNDLE_IDENTIFIER = sateesh.UserList;
				PRODUCT_NAME = "$(TARGET_NAME)";
				SWIFT_VERSION = 3.0;
			};
			name = Debug;
		};
		003D4B891F3136620029B441 /* Release */ = {
			isa = XCBuildConfiguration;
			buildSettings = {
				ALWAYS_EMBED_SWIFT_STANDARD_LIBRARIES = YES;
				ASSETCATALOG_COMPILER_APPICON_NAME = AppIcon;
				INFOPLIST_FILE = UserList/Info.plist;
				LD_RUNPATH_SEARCH_PATHS = "$(inherited) @executable_path/Frameworks";
				PRODUCT_BUNDLE_IDENTIFIER = sateesh.UserList;
				PRODUCT_NAME = "$(TARGET_NAME)";
				SWIFT_VERSION = 3.0;
			};
			name = Release;
		};
		003D4B8B1F3136620029B441 /* Debug */ = {
			isa = XCBuildConfiguration;
			buildSettings = {
				ALWAYS_EMBED_SWIFT_STANDARD_LIBRARIES = YES;
				BUNDLE_LOADER = "$(TEST_HOST)";
				INFOPLIST_FILE = UserListTests/Info.plist;
				LD_RUNPATH_SEARCH_PATHS = "$(inherited) @executable_path/Frameworks @loader_path/Frameworks";
				PRODUCT_BUNDLE_IDENTIFIER = sateesh.UserListTests;
				PRODUCT_NAME = "$(TARGET_NAME)";
				SWIFT_VERSION = 3.0;
				TEST_HOST = "$(BUILT_PRODUCTS_DIR)/UserList.app/UserList";
			};
			name = Debug;
		};
		003D4B8C1F3136620029B441 /* Release */ = {
			isa = XCBuildConfiguration;
			buildSettings = {
				ALWAYS_EMBED_SWIFT_STANDARD_LIBRARIES = YES;
				BUNDLE_LOADER = "$(TEST_HOST)";
				INFOPLIST_FILE = UserListTests/Info.plist;
				LD_RUNPATH_SEARCH_PATHS = "$(inherited) @executable_path/Frameworks @loader_path/Frameworks";
				PRODUCT_BUNDLE_IDENTIFIER = sateesh.UserListTests;
				PRODUCT_NAME = "$(TARGET_NAME)";
				SWIFT_VERSION = 3.0;
				TEST_HOST = "$(BUILT_PRODUCTS_DIR)/UserList.app/UserList";
			};
			name = Release;
		};
		003D4B8E1F3136620029B441 /* Debug */ = {
			isa = XCBuildConfiguration;
			buildSettings = {
				ALWAYS_EMBED_SWIFT_STANDARD_LIBRARIES = YES;
				INFOPLIST_FILE = UserListUITests/Info.plist;
				LD_RUNPATH_SEARCH_PATHS = "$(inherited) @executable_path/Frameworks @loader_path/Frameworks";
				PRODUCT_BUNDLE_IDENTIFIER = sateesh.UserListUITests;
				PRODUCT_NAME = "$(TARGET_NAME)";
				SWIFT_VERSION = 3.0;
				TEST_TARGET_NAME = UserList;
			};
			name = Debug;
		};
		003D4B8F1F3136620029B441 /* Release */ = {
			isa = XCBuildConfiguration;
			buildSettings = {
				ALWAYS_EMBED_SWIFT_STANDARD_LIBRARIES = YES;
				INFOPLIST_FILE = UserListUITests/Info.plist;
				LD_RUNPATH_SEARCH_PATHS = "$(inherited) @executable_path/Frameworks @loader_path/Frameworks";
				PRODUCT_BUNDLE_IDENTIFIER = sateesh.UserListUITests;
				PRODUCT_NAME = "$(TARGET_NAME)";
				SWIFT_VERSION = 3.0;
				TEST_TARGET_NAME = UserList;
			};
			name = Release;
		};
/* End XCBuildConfiguration section */

/* Begin XCConfigurationList section */
		003D4B5A1F3136620029B441 /* Build configuration list for PBXProject "UserList" */ = {
			isa = XCConfigurationList;
			buildConfigurations = (
				003D4B851F3136620029B441 /* Debug */,
				003D4B861F3136620029B441 /* Release */,
			);
			defaultConfigurationIsVisible = 0;
			defaultConfigurationName = Release;
		};
		003D4B871F3136620029B441 /* Build configuration list for PBXNativeTarget "UserList" */ = {
			isa = XCConfigurationList;
			buildConfigurations = (
				003D4B881F3136620029B441 /* Debug */,
				003D4B891F3136620029B441 /* Release */,
			);
			defaultConfigurationIsVisible = 0;
			defaultConfigurationName = Release;
		};
		003D4B8A1F3136620029B441 /* Build configuration list for PBXNativeTarget "UserListTests" */ = {
			isa = XCConfigurationList;
			buildConfigurations = (
				003D4B8B1F3136620029B441 /* Debug */,
				003D4B8C1F3136620029B441 /* Release */,
			);
			defaultConfigurationIsVisible = 0;
			defaultConfigurationName = Release;
		};
		003D4B8D1F3136620029B441 /* Build configuration list for PBXNativeTarget "UserListUITests" */ = {
			isa = XCConfigurationList;
			buildConfigurations = (
				003D4B8E1F3136620029B441 /* Debug */,
				003D4B8F1F3136620029B441 /* Release */,
			);
			defaultConfigurationIsVisible = 0;
			defaultConfigurationName = Release;
		};
/* End XCConfigurationList section */
	};
	rootObject = 003D4B571F3136620029B441 /* Project object */;
}
